{
  "name": "youtube-collections",
  "version": "0.1.0",
  "lockfileVersion": 2,
  "requires": true,
  "packages": {
    "": {
      "name": "youtube-collections",
      "version": "0.1.0",
      "license": "MIT",
      "workspaces": [
        "packages/*"
      ]
    },
    "node_modules/@types/youtube-collections": {
      "resolved": "packages/types",
      "link": true
    },
    "node_modules/@youtube-collections/api": {
      "resolved": "packages/api",
      "link": true
    },
    "node_modules/@youtube-collections/app": {
      "resolved": "packages/app",
      "link": true
    },
    "packages/api": {
      "name": "@youtube-collections/api",
      "version": "0.1.0",
      "license": "MIT"
    },
    "packages/app": {
      "name": "@youtube-collections/app",
      "version": "0.1.0",
      "license": "MIT"
    },
    "packages/types": {
      "name": "@types/youtube-collections",
      "version": "0.1.0",
      "license": "MIT"
    }
  },
  "dependencies": {
    "@types/youtube-collections": {
      "version": "file:packages/types"
    },
    "@youtube-collections/api": {
      "version": "file:packages/api"
    },
    "@youtube-collections/app": {
      "version": "file:packages/app"
    }
  }
}
